// !$*UTF8*$!
{
	archiveVersion = 1;
	classes = {
	};
	objectVersion = 77;
	objects = {

/* Begin PBXBuildFile section */
		92F313392CFEAC1300379C0A /* FirebaseAuth in Frameworks */ = {isa = PBXBuildFile; productRef = 92F313382CFEAC1300379C0A /* FirebaseAuth */; };
		92F3133B2CFEAC1300379C0A /* FirebaseAuthCombine-Community in Frameworks */ = {isa = PBXBuildFile; productRef = 92F3133A2CFEAC1300379C0A /* FirebaseAuthCombine-Community */; };
		92F3133D2CFEAC1300379C0A /* FirebaseCore in Frameworks */ = {isa = PBXBuildFile; productRef = 92F3133C2CFEAC1300379C0A /* FirebaseCore */; };
		92F3133F2CFEAC1300379C0A /* FirebaseFirestore in Frameworks */ = {isa = PBXBuildFile; productRef = 92F3133E2CFEAC1300379C0A /* FirebaseFirestore */; };
		92F313412CFEAC1300379C0A /* FirebaseFirestoreCombine-Community in Frameworks */ = {isa = PBXBuildFile; productRef = 92F313402CFEAC1300379C0A /* FirebaseFirestoreCombine-Community */; };
		92F313432CFEAC1300379C0A /* FirebaseStorage in Frameworks */ = {isa = PBXBuildFile; productRef = 92F313422CFEAC1300379C0A /* FirebaseStorage */; };
		92F313452CFEAC1300379C0A /* FirebaseStorageCombine-Community in Frameworks */ = {isa = PBXBuildFile; productRef = 92F313442CFEAC1300379C0A /* FirebaseStorageCombine-Community */; };
/* End PBXBuildFile section */

/* Begin PBXContainerItemProxy section */
		92F313192CFDAC1200379C0A /* PBXContainerItemProxy */ = {
			isa = PBXContainerItemProxy;
			containerPortal = 92F313002CFDAC1000379C0A /* Project object */;
			proxyType = 1;
			remoteGlobalIDString = 92F313072CFDAC1000379C0A;
			remoteInfo = ebuddytest;
		};
		92F313232CFDAC1200379C0A /* PBXContainerItemProxy */ = {
			isa = PBXContainerItemProxy;
			containerPortal = 92F313002CFDAC1000379C0A /* Project object */;
			proxyType = 1;
			remoteGlobalIDString = 92F313072CFDAC1000379C0A;
			remoteInfo = ebuddytest;
		};
/* End PBXContainerItemProxy section */

/* Begin PBXFileReference section */
		92F313082CFDAC1000379C0A /* ebuddytest.app */ = {isa = PBXFileReference; explicitFileType = wrapper.application; includeInIndex = 0; path = ebuddytest.app; sourceTree = BUILT_PRODUCTS_DIR; };
		92F313182CFDAC1200379C0A /* ebuddytestTests.xctest */ = {isa = PBXFileReference; explicitFileType = wrapper.cfbundle; includeInIndex = 0; path = ebuddytestTests.xctest; sourceTree = BUILT_PRODUCTS_DIR; };
		92F313222CFDAC1200379C0A /* ebuddytestUITests.xctest */ = {isa = PBXFileReference; explicitFileType = wrapper.cfbundle; includeInIndex = 0; path = ebuddytestUITests.xctest; sourceTree = BUILT_PRODUCTS_DIR; };
/* End PBXFileReference section */

/* Begin PBXFileSystemSynchronizedRootGroup section */
		92F3130A2CFDAC1000379C0A /* ebuddytest */ = {
			isa = PBXFileSystemSynchronizedRootGroup;
			path = ebuddytest;
			sourceTree = "<group>";
		};
		92F3131B2CFDAC1200379C0A /* ebuddytestTests */ = {
			isa = PBXFileSystemSynchronizedRootGroup;
			path = ebuddytestTests;
			sourceTree = "<group>";
		};
		92F313252CFDAC1200379C0A /* ebuddytestUITests */ = {
			isa = PBXFileSystemSynchronizedRootGroup;
			path = ebuddytestUITests;
			sourceTree = "<group>";
		};
/* End PBXFileSystemSynchronizedRootGroup section */

/* Begin PBXFrameworksBuildPhase section */
		92F313052CFDAC1000379C0A /* Frameworks */ = {
			isa = PBXFrameworksBuildPhase;
			buildActionMask = 2147483647;
			files = (
				92F313392CFEAC1300379C0A /* FirebaseAuth in Frameworks */,
				92F313452CFEAC1300379C0A /* FirebaseStorageCombine-Community in Frameworks */,
				92F3133F2CFEAC1300379C0A /* FirebaseFirestore in Frameworks */,
				92F3133D2CFEAC1300379C0A /* FirebaseCore in Frameworks */,
				92F313412CFEAC1300379C0A /* FirebaseFirestoreCombine-Community in Frameworks */,
				92F3133B2CFEAC1300379C0A /* FirebaseAuthCombine-Community in Frameworks */,
				92F313432CFEAC1300379C0A /* FirebaseStorage in Frameworks */,
			);
			runOnlyForDeploymentPostprocessing = 0;
		};
		92F313152CFDAC1200379C0A /* Frameworks */ = {
			isa = PBXFrameworksBuildPhase;
			buildActionMask = 2147483647;
			files = (
			);
			runOnlyForDeploymentPostprocessing = 0;
		};
		92F3131F2CFDAC1200379C0A /* Frameworks */ = {
			isa = PBXFrameworksBuildPhase;
			buildActionMask = 2147483647;
			files = (
			);
			runOnlyForDeploymentPostprocessing = 0;
		};
/* End PBXFrameworksBuildPhase section */

/* Begin PBXGroup section */
		92F312FF2CFDAC1000379C0A = {
			isa = PBXGroup;
			children = (
				92F3130A2CFDAC1000379C0A /* ebuddytest */,
				92F3131B2CFDAC1200379C0A /* ebuddytestTests */,
				92F313252CFDAC1200379C0A /* ebuddytestUITests */,
				92F313092CFDAC1000379C0A /* Products */,
			);
			sourceTree = "<group>";
		};
		92F313092CFDAC1000379C0A /* Products */ = {
			isa = PBXGroup;
			children = (
				92F313082CFDAC1000379C0A /* ebuddytest.app */,
				92F313182CFDAC1200379C0A /* ebuddytestTests.xctest */,
				92F313222CFDAC1200379C0A /* ebuddytestUITests.xctest */,
			);
			name = Products;
			sourceTree = "<group>";
		};
/* End PBXGroup section */

/* Begin PBXNativeTarget section */
		92F313072CFDAC1000379C0A /* ebuddytest */ = {
			isa = PBXNativeTarget;
			buildConfigurationList = 92F3132C2CFDAC1200379C0A /* Build configuration list for PBXNativeTarget "ebuddytest" */;
			buildPhases = (
				92F313042CFDAC1000379C0A /* Sources */,
				92F313052CFDAC1000379C0A /* Frameworks */,
				92F313062CFDAC1000379C0A /* Resources */,
			);
			buildRules = (
			);
			dependencies = (
			);
			fileSystemSynchronizedGroups = (
				92F3130A2CFDAC1000379C0A /* ebuddytest */,
			);
			name = ebuddytest;
			packageProductDependencies = (
				92F313382CFEAC1300379C0A /* FirebaseAuth */,
				92F3133A2CFEAC1300379C0A /* FirebaseAuthCombine-Community */,
				92F3133C2CFEAC1300379C0A /* FirebaseCore */,
				92F3133E2CFEAC1300379C0A /* FirebaseFirestore */,
				92F313402CFEAC1300379C0A /* FirebaseFirestoreCombine-Community */,
				92F313422CFEAC1300379C0A /* FirebaseStorage */,
				92F313442CFEAC1300379C0A /* FirebaseStorageCombine-Community */,
			);
			productName = ebuddytest;
			productReference = 92F313082CFDAC1000379C0A /* ebuddytest.app */;
			productType = "com.apple.product-type.application";
		};
		92F313172CFDAC1200379C0A /* ebuddytestTests */ = {
			isa = PBXNativeTarget;
			buildConfigurationList = 92F3132F2CFDAC1200379C0A /* Build configuration list for PBXNativeTarget "ebuddytestTests" */;
			buildPhases = (
				92F313142CFDAC1200379C0A /* Sources */,
				92F313152CFDAC1200379C0A /* Frameworks */,
				92F313162CFDAC1200379C0A /* Resources */,
			);
			buildRules = (
			);
			dependencies = (
				92F3131A2CFDAC1200379C0A /* PBXTargetDependency */,
			);
			fileSystemSynchronizedGroups = (
				92F3131B2CFDAC1200379C0A /* ebuddytestTests */,
			);
			name = ebuddytestTests;
			packageProductDependencies = (
			);
			productName = ebuddytestTests;
			productReference = 92F313182CFDAC1200379C0A /* ebuddytestTests.xctest */;
			productType = "com.apple.product-type.bundle.unit-test";
		};
		92F313212CFDAC1200379C0A /* ebuddytestUITests */ = {
			isa = PBXNativeTarget;
			buildConfigurationList = 92F313322CFDAC1200379C0A /* Build configuration list for PBXNativeTarget "ebuddytestUITests" */;
			buildPhases = (
				92F3131E2CFDAC1200379C0A /* Sources */,
				92F3131F2CFDAC1200379C0A /* Frameworks */,
				92F313202CFDAC1200379C0A /* Resources */,
			);
			buildRules = (
			);
			dependencies = (
				92F313242CFDAC1200379C0A /* PBXTargetDependency */,
			);
			fileSystemSynchronizedGroups = (
				92F313252CFDAC1200379C0A /* ebuddytestUITests */,
			);
			name = ebuddytestUITests;
			packageProductDependencies = (
			);
			productName = ebuddytestUITests;
			productReference = 92F313222CFDAC1200379C0A /* ebuddytestUITests.xctest */;
			productType = "com.apple.product-type.bundle.ui-testing";
		};
/* End PBXNativeTarget section */

/* Begin PBXProject section */
		92F313002CFDAC1000379C0A /* Project object */ = {
			isa = PBXProject;
			attributes = {
				BuildIndependentTargetsInParallel = 1;
				LastSwiftUpdateCheck = 1600;
				LastUpgradeCheck = 1600;
				TargetAttributes = {
					92F313072CFDAC1000379C0A = {
						CreatedOnToolsVersion = 16.0;
					};
					92F313172CFDAC1200379C0A = {
						CreatedOnToolsVersion = 16.0;
						TestTargetID = 92F313072CFDAC1000379C0A;
					};
					92F313212CFDAC1200379C0A = {
						CreatedOnToolsVersion = 16.0;
						TestTargetID = 92F313072CFDAC1000379C0A;
					};
				};
			};
			buildConfigurationList = 92F313032CFDAC1000379C0A /* Build configuration list for PBXProject "ebuddytest" */;
			developmentRegion = en;
			hasScannedForEncodings = 0;
			knownRegions = (
				en,
				Base,
			);
			mainGroup = 92F312FF2CFDAC1000379C0A;
			minimizedProjectReferenceProxies = 1;
			packageReferences = (
				92F313372CFEAC1300379C0A /* XCRemoteSwiftPackageReference "firebase-ios-sdk" */,
			);
			preferredProjectObjectVersion = 77;
			productRefGroup = 92F313092CFDAC1000379C0A /* Products */;
			projectDirPath = "";
			projectRoot = "";
			targets = (
				92F313072CFDAC1000379C0A /* ebuddytest */,
				92F313172CFDAC1200379C0A /* ebuddytestTests */,
				92F313212CFDAC1200379C0A /* ebuddytestUITests */,
			);
		};
/* End PBXProject section */

/* Begin PBXResourcesBuildPhase section */
		92F313062CFDAC1000379C0A /* Resources */ = {
			isa = PBXResourcesBuildPhase;
			buildActionMask = 2147483647;
			files = (
			);
			runOnlyForDeploymentPostprocessing = 0;
		};
		92F313162CFDAC1200379C0A /* Resources */ = {
			isa = PBXResourcesBuildPhase;
			buildActionMask = 2147483647;
			files = (
			);
			runOnlyForDeploymentPostprocessing = 0;
		};
		92F313202CFDAC1200379C0A /* Resources */ = {
			isa = PBXResourcesBuildPhase;
			buildActionMask = 2147483647;
			files = (
			);
			runOnlyForDeploymentPostprocessing = 0;
		};
/* End PBXResourcesBuildPhase section */

/* Begin PBXSourcesBuildPhase section */
		92F313042CFDAC1000379C0A /* Sources */ = {
			isa = PBXSourcesBuildPhase;
			buildActionMask = 2147483647;
			files = (
			);
			runOnlyForDeploymentPostprocessing = 0;
		};
		92F313142CFDAC1200379C0A /* Sources */ = {
			isa = PBXSourcesBuildPhase;
			buildActionMask = 2147483647;
			files = (
			);
			runOnlyForDeploymentPostprocessing = 0;
		};
		92F3131E2CFDAC1200379C0A /* Sources */ = {
			isa = PBXSourcesBuildPhase;
			buildActionMask = 2147483647;
			files = (
			);
			runOnlyForDeploymentPostprocessing = 0;
		};
/* End PBXSourcesBuildPhase section */

/* Begin PBXTargetDependency section */
		92F3131A2CFDAC1200379C0A /* PBXTargetDependency */ = {
			isa = PBXTargetDependency;
			target = 92F313072CFDAC1000379C0A /* ebuddytest */;
			targetProxy = 92F313192CFDAC1200379C0A /* PBXContainerItemProxy */;
		};
		92F313242CFDAC1200379C0A /* PBXTargetDependency */ = {
			isa = PBXTargetDependency;
			target = 92F313072CFDAC1000379C0A /* ebuddytest */;
			targetProxy = 92F313232CFDAC1200379C0A /* PBXContainerItemProxy */;
		};
/* End PBXTargetDependency section */

/* Begin XCBuildConfiguration section */
		92F3132A2CFDAC1200379C0A /* Debug */ = {
			isa = XCBuildConfiguration;
			buildSettings = {
				ALWAYS_SEARCH_USER_PATHS = NO;
				ASSETCATALOG_COMPILER_GENERATE_SWIFT_ASSET_SYMBOL_EXTENSIONS = YES;
				CLANG_ANALYZER_NONNULL = YES;
				CLANG_ANALYZER_NUMBER_OBJECT_CONVERSION = YES_AGGRESSIVE;
				CLANG_CXX_LANGUAGE_STANDARD = "gnu++20";
				CLANG_ENABLE_MODULES = YES;
				CLANG_ENABLE_OBJC_ARC = YES;
				CLANG_ENABLE_OBJC_WEAK = YES;
				CLANG_WARN_BLOCK_CAPTURE_AUTORELEASING = YES;
				CLANG_WARN_BOOL_CONVERSION = YES;
				CLANG_WARN_COMMA = YES;
				CLANG_WARN_CONSTANT_CONVERSION = YES;
				CLANG_WARN_DEPRECATED_OBJC_IMPLEMENTATIONS = YES;
				CLANG_WARN_DIRECT_OBJC_ISA_USAGE = YES_ERROR;
				CLANG_WARN_DOCUMENTATION_COMMENTS = YES;
				CLANG_WARN_EMPTY_BODY = YES;
				CLANG_WARN_ENUM_CONVERSION = YES;
				CLANG_WARN_INFINITE_RECURSION = YES;
				CLANG_WARN_INT_CONVERSION = YES;
				CLANG_WARN_NON_LITERAL_NULL_CONVERSION = YES;
				CLANG_WARN_OBJC_IMPLICIT_RETAIN_SELF = YES;
				CLANG_WARN_OBJC_LITERAL_CONVERSION = YES;
				CLANG_WARN_OBJC_ROOT_CLASS = YES_ERROR;
				CLANG_WARN_QUOTED_INCLUDE_IN_FRAMEWORK_HEADER = YES;
				CLANG_WARN_RANGE_LOOP_ANALYSIS = YES;
				CLANG_WARN_STRICT_PROTOTYPES = YES;
				CLANG_WARN_SUSPICIOUS_MOVE = YES;
				CLANG_WARN_UNGUARDED_AVAILABILITY = YES_AGGRESSIVE;
				CLANG_WARN_UNREACHABLE_CODE = YES;
				CLANG_WARN__DUPLICATE_METHOD_MATCH = YES;
				COPY_PHASE_STRIP = NO;
				DEBUG_INFORMATION_FORMAT = dwarf;
				ENABLE_STRICT_OBJC_MSGSEND = YES;
				ENABLE_TESTABILITY = YES;
				ENABLE_USER_SCRIPT_SANDBOXING = YES;
				GCC_C_LANGUAGE_STANDARD = gnu17;
				GCC_DYNAMIC_NO_PIC = NO;
				GCC_NO_COMMON_BLOCKS = YES;
				GCC_OPTIMIZATION_LEVEL = 0;
				GCC_PREPROCESSOR_DEFINITIONS = (
					"DEBUG=1",
					"$(inherited)",
				);
				GCC_WARN_64_TO_32_BIT_CONVERSION = YES;
				GCC_WARN_ABOUT_RETURN_TYPE = YES_ERROR;
				GCC_WARN_UNDECLARED_SELECTOR = YES;
				GCC_WARN_UNINITIALIZED_AUTOS = YES_AGGRESSIVE;
				GCC_WARN_UNUSED_FUNCTION = YES;
				GCC_WARN_UNUSED_VARIABLE = YES;
				IPHONEOS_DEPLOYMENT_TARGET = 18.0;
				LOCALIZATION_PREFERS_STRING_CATALOGS = YES;
				MTL_ENABLE_DEBUG_INFO = INCLUDE_SOURCE;
				MTL_FAST_MATH = YES;
				ONLY_ACTIVE_ARCH = YES;
				SDKROOT = iphoneos;
				SWIFT_ACTIVE_COMPILATION_CONDITIONS = "DEBUG $(inherited)";
				SWIFT_OPTIMIZATION_LEVEL = "-Onone";
			};
			name = Debug;
		};
		92F3132B2CFDAC1200379C0A /* Release */ = {
			isa = XCBuildConfiguration;
			buildSettings = {
				ALWAYS_SEARCH_USER_PATHS = NO;
				ASSETCATALOG_COMPILER_GENERATE_SWIFT_ASSET_SYMBOL_EXTENSIONS = YES;
				CLANG_ANALYZER_NONNULL = YES;
				CLANG_ANALYZER_NUMBER_OBJECT_CONVERSION = YES_AGGRESSIVE;
				CLANG_CXX_LANGUAGE_STANDARD = "gnu++20";
				CLANG_ENABLE_MODULES = YES;
				CLANG_ENABLE_OBJC_ARC = YES;
				CLANG_ENABLE_OBJC_WEAK = YES;
				CLANG_WARN_BLOCK_CAPTURE_AUTORELEASING = YES;
				CLANG_WARN_BOOL_CONVERSION = YES;
				CLANG_WARN_COMMA = YES;
				CLANG_WARN_CONSTANT_CONVERSION = YES;
				CLANG_WARN_DEPRECATED_OBJC_IMPLEMENTATIONS = YES;
				CLANG_WARN_DIRECT_OBJC_ISA_USAGE = YES_ERROR;
				CLANG_WARN_DOCUMENTATION_COMMENTS = YES;
				CLANG_WARN_EMPTY_BODY = YES;
				CLANG_WARN_ENUM_CONVERSION = YES;
				CLANG_WARN_INFINITE_RECURSION = YES;
				CLANG_WARN_INT_CONVERSION = YES;
				CLANG_WARN_NON_LITERAL_NULL_CONVERSION = YES;
				CLANG_WARN_OBJC_IMPLICIT_RETAIN_SELF = YES;
				CLANG_WARN_OBJC_LITERAL_CONVERSION = YES;
				CLANG_WARN_OBJC_ROOT_CLASS = YES_ERROR;
				CLANG_WARN_QUOTED_INCLUDE_IN_FRAMEWORK_HEADER = YES;
				CLANG_WARN_RANGE_LOOP_ANALYSIS = YES;
				CLANG_WARN_STRICT_PROTOTYPES = YES;
				CLANG_WARN_SUSPICIOUS_MOVE = YES;
				CLANG_WARN_UNGUARDED_AVAILABILITY = YES_AGGRESSIVE;
				CLANG_WARN_UNREACHABLE_CODE = YES;
				CLANG_WARN__DUPLICATE_METHOD_MATCH = YES;
				COPY_PHASE_STRIP = NO;
				DEBUG_INFORMATION_FORMAT = "dwarf-with-dsym";
				ENABLE_NS_ASSERTIONS = NO;
				ENABLE_STRICT_OBJC_MSGSEND = YES;
				ENABLE_USER_SCRIPT_SANDBOXING = YES;
				GCC_C_LANGUAGE_STANDARD = gnu17;
				GCC_NO_COMMON_BLOCKS = YES;
				GCC_WARN_64_TO_32_BIT_CONVERSION = YES;
				GCC_WARN_ABOUT_RETURN_TYPE = YES_ERROR;
				GCC_WARN_UNDECLARED_SELECTOR = YES;
				GCC_WARN_UNINITIALIZED_AUTOS = YES_AGGRESSIVE;
				GCC_WARN_UNUSED_FUNCTION = YES;
				GCC_WARN_UNUSED_VARIABLE = YES;
				IPHONEOS_DEPLOYMENT_TARGET = 18.0;
				LOCALIZATION_PREFERS_STRING_CATALOGS = YES;
				MTL_ENABLE_DEBUG_INFO = NO;
				MTL_FAST_MATH = YES;
				SDKROOT = iphoneos;
				SWIFT_COMPILATION_MODE = wholemodule;
				VALIDATE_PRODUCT = YES;
			};
			name = Release;
		};
		92F3132D2CFDAC1200379C0A /* Debug */ = {
			isa = XCBuildConfiguration;
			buildSettings = {
				ASSETCATALOG_COMPILER_APPICON_NAME = AppIcon;
				ASSETCATALOG_COMPILER_GLOBAL_ACCENT_COLOR_NAME = AccentColor;
				CODE_SIGN_STYLE = Automatic;
				CURRENT_PROJECT_VERSION = 1;
				DEVELOPMENT_ASSET_PATHS = "\"ebuddytest/Preview Content\"";
				DEVELOPMENT_TEAM = 4KJR7MW4S2;
				ENABLE_PREVIEWS = YES;
				GENERATE_INFOPLIST_FILE = YES;
				INFOPLIST_KEY_UIApplicationSceneManifest_Generation = YES;
				INFOPLIST_KEY_UIApplicationSupportsIndirectInputEvents = YES;
				INFOPLIST_KEY_UILaunchScreen_Generation = YES;
				INFOPLIST_KEY_UISupportedInterfaceOrientations_iPad = "UIInterfaceOrientationPortrait UIInterfaceOrientationPortraitUpsideDown UIInterfaceOrientationLandscapeLeft UIInterfaceOrientationLandscapeRight";
				INFOPLIST_KEY_UISupportedInterfaceOrientations_iPhone = "UIInterfaceOrientationPortrait UIInterfaceOrientationLandscapeLeft UIInterfaceOrientationLandscapeRight";
				LD_RUNPATH_SEARCH_PATHS = (
					"$(inherited)",
					"@executable_path/Frameworks",
				);
				MARKETING_VERSION = 1.0;
				PRODUCT_BUNDLE_IDENTIFIER = id.co.testplayground.ebuddytest;
				PRODUCT_NAME = "$(TARGET_NAME)";
				SWIFT_EMIT_LOC_STRINGS = YES;
				SWIFT_VERSION = 5.0;
				TARGETED_DEVICE_FAMILY = "1,2";
			};
			name = Debug;
		};
		92F3132E2CFDAC1200379C0A /* Release */ = {
			isa = XCBuildConfiguration;
			buildSettings = {
				ASSETCATALOG_COMPILER_APPICON_NAME = AppIcon;
				ASSETCATALOG_COMPILER_GLOBAL_ACCENT_COLOR_NAME = AccentColor;
				CODE_SIGN_STYLE = Automatic;
				CURRENT_PROJECT_VERSION = 1;
				DEVELOPMENT_ASSET_PATHS = "\"ebuddytest/Preview Content\"";
				DEVELOPMENT_TEAM = 4KJR7MW4S2;
				ENABLE_PREVIEWS = YES;
				GENERATE_INFOPLIST_FILE = YES;
				INFOPLIST_KEY_UIApplicationSceneManifest_Generation = YES;
				INFOPLIST_KEY_UIApplicationSupportsIndirectInputEvents = YES;
				INFOPLIST_KEY_UILaunchScreen_Generation = YES;
				INFOPLIST_KEY_UISupportedInterfaceOrientations_iPad = "UIInterfaceOrientationPortrait UIInterfaceOrientationPortraitUpsideDown UIInterfaceOrientationLandscapeLeft UIInterfaceOrientationLandscapeRight";
				INFOPLIST_KEY_UISupportedInterfaceOrientations_iPhone = "UIInterfaceOrientationPortrait UIInterfaceOrientationLandscapeLeft UIInterfaceOrientationLandscapeRight";
				LD_RUNPATH_SEARCH_PATHS = (
					"$(inherited)",
					"@executable_path/Frameworks",
				);
				MARKETING_VERSION = 1.0;
				PRODUCT_BUNDLE_IDENTIFIER = id.co.testplayground.ebuddytest;
				PRODUCT_NAME = "$(TARGET_NAME)";
				SWIFT_EMIT_LOC_STRINGS = YES;
				SWIFT_VERSION = 5.0;
				TARGETED_DEVICE_FAMILY = "1,2";
			};
			name = Release;
		};
		92F313302CFDAC1200379C0A /* Debug */ = {
			isa = XCBuildConfiguration;
			buildSettings = {
				BUNDLE_LOADER = "$(TEST_HOST)";
				CODE_SIGN_STYLE = Automatic;
				CURRENT_PROJECT_VERSION = 1;
				DEVELOPMENT_TEAM = 4KJR7MW4S2;
				GENERATE_INFOPLIST_FILE = YES;
				IPHONEOS_DEPLOYMENT_TARGET = 18.0;
				MARKETING_VERSION = 1.0;
				PRODUCT_BUNDLE_IDENTIFIER = id.co.testplayground.ebuddytestTests;
				PRODUCT_NAME = "$(TARGET_NAME)";
				SWIFT_EMIT_LOC_STRINGS = NO;
				SWIFT_VERSION = 5.0;
				TARGETED_DEVICE_FAMILY = "1,2";
				TEST_HOST = "$(BUILT_PRODUCTS_DIR)/ebuddytest.app/$(BUNDLE_EXECUTABLE_FOLDER_PATH)/ebuddytest";
			};
			name = Debug;
		};
		92F313312CFDAC1200379C0A /* Release */ = {
			isa = XCBuildConfiguration;
			buildSettings = {
				BUNDLE_LOADER = "$(TEST_HOST)";
				CODE_SIGN_STYLE = Automatic;
				CURRENT_PROJECT_VERSION = 1;
				DEVELOPMENT_TEAM = 4KJR7MW4S2;
				GENERATE_INFOPLIST_FILE = YES;
				IPHONEOS_DEPLOYMENT_TARGET = 18.0;
				MARKETING_VERSION = 1.0;
				PRODUCT_BUNDLE_IDENTIFIER = id.co.testplayground.ebuddytestTests;
				PRODUCT_NAME = "$(TARGET_NAME)";
				SWIFT_EMIT_LOC_STRINGS = NO;
				SWIFT_VERSION = 5.0;
				TARGETED_DEVICE_FAMILY = "1,2";
				TEST_HOST = "$(BUILT_PRODUCTS_DIR)/ebuddytest.app/$(BUNDLE_EXECUTABLE_FOLDER_PATH)/ebuddytest";
			};
			name = Release;
		};
		92F313332CFDAC1200379C0A /* Debug */ = {
			isa = XCBuildConfiguration;
			buildSettings = {
				CODE_SIGN_STYLE = Automatic;
				CURRENT_PROJECT_VERSION = 1;
				DEVELOPMENT_TEAM = 4KJR7MW4S2;
				GENERATE_INFOPLIST_FILE = YES;
				MARKETING_VERSION = 1.0;
				PRODUCT_BUNDLE_IDENTIFIER = id.co.testplayground.ebuddytestUITests;
				PRODUCT_NAME = "$(TARGET_NAME)";
				SWIFT_EMIT_LOC_STRINGS = NO;
				SWIFT_VERSION = 5.0;
				TARGETED_DEVICE_FAMILY = "1,2";
				TEST_TARGET_NAME = ebuddytest;
			};
			name = Debug;
		};
		92F313342CFDAC1200379C0A /* Release */ = {
			isa = XCBuildConfiguration;
			buildSettings = {
				CODE_SIGN_STYLE = Automatic;
				CURRENT_PROJECT_VERSION = 1;
				DEVELOPMENT_TEAM = 4KJR7MW4S2;
				GENERATE_INFOPLIST_FILE = YES;
				MARKETING_VERSION = 1.0;
				PRODUCT_BUNDLE_IDENTIFIER = id.co.testplayground.ebuddytestUITests;
				PRODUCT_NAME = "$(TARGET_NAME)";
				SWIFT_EMIT_LOC_STRINGS = NO;
				SWIFT_VERSION = 5.0;
				TARGETED_DEVICE_FAMILY = "1,2";
				TEST_TARGET_NAME = ebuddytest;
			};
			name = Release;
		};
/* End XCBuildConfiguration section */

/* Begin XCConfigurationList section */
		92F313032CFDAC1000379C0A /* Build configuration list for PBXProject "ebuddytest" */ = {
			isa = XCConfigurationList;
			buildConfigurations = (
				92F3132A2CFDAC1200379C0A /* Debug */,
				92F3132B2CFDAC1200379C0A /* Release */,
			);
			defaultConfigurationIsVisible = 0;
			defaultConfigurationName = Release;
		};
		92F3132C2CFDAC1200379C0A /* Build configuration list for PBXNativeTarget "ebuddytest" */ = {
			isa = XCConfigurationList;
			buildConfigurations = (
				92F3132D2CFDAC1200379C0A /* Debug */,
				92F3132E2CFDAC1200379C0A /* Release */,
			);
			defaultConfigurationIsVisible = 0;
			defaultConfigurationName = Release;
		};
		92F3132F2CFDAC1200379C0A /* Build configuration list for PBXNativeTarget "ebuddytestTests" */ = {
			isa = XCConfigurationList;
			buildConfigurations = (
				92F313302CFDAC1200379C0A /* Debug */,
				92F313312CFDAC1200379C0A /* Release */,
			);
			defaultConfigurationIsVisible = 0;
			defaultConfigurationName = Release;
		};
		92F313322CFDAC1200379C0A /* Build configuration list for PBXNativeTarget "ebuddytestUITests" */ = {
			isa = XCConfigurationList;
			buildConfigurations = (
				92F313332CFDAC1200379C0A /* Debug */,
				92F313342CFDAC1200379C0A /* Release */,
			);
			defaultConfigurationIsVisible = 0;
			defaultConfigurationName = Release;
		};
/* End XCConfigurationList section */

/* Begin XCRemoteSwiftPackageReference section */
		92F313372CFEAC1300379C0A /* XCRemoteSwiftPackageReference "firebase-ios-sdk" */ = {
			isa = XCRemoteSwiftPackageReference;
			repositoryURL = "https://github.com/firebase/firebase-ios-sdk";
			requirement = {
				kind = upToNextMajorVersion;
				minimumVersion = 11.5.0;
			};
		};
/* End XCRemoteSwiftPackageReference section */

/* Begin XCSwiftPackageProductDependency section */
		92F313382CFEAC1300379C0A /* FirebaseAuth */ = {
			isa = XCSwiftPackageProductDependency;
			package = 92F313372CFEAC1300379C0A /* XCRemoteSwiftPackageReference "firebase-ios-sdk" */;
			productName = FirebaseAuth;
		};
		92F3133A2CFEAC1300379C0A /* FirebaseAuthCombine-Community */ = {
			isa = XCSwiftPackageProductDependency;
			package = 92F313372CFEAC1300379C0A /* XCRemoteSwiftPackageReference "firebase-ios-sdk" */;
			productName = "FirebaseAuthCombine-Community";
		};
		92F3133C2CFEAC1300379C0A /* FirebaseCore */ = {
			isa = XCSwiftPackageProductDependency;
			package = 92F313372CFEAC1300379C0A /* XCRemoteSwiftPackageReference "firebase-ios-sdk" */;
			productName = FirebaseCore;
		};
		92F3133E2CFEAC1300379C0A /* FirebaseFirestore */ = {
			isa = XCSwiftPackageProductDependency;
			package = 92F313372CFEAC1300379C0A /* XCRemoteSwiftPackageReference "firebase-ios-sdk" */;
			productName = FirebaseFirestore;
		};
		92F313402CFEAC1300379C0A /* FirebaseFirestoreCombine-Community */ = {
			isa = XCSwiftPackageProductDependency;
			package = 92F313372CFEAC1300379C0A /* XCRemoteSwiftPackageReference "firebase-ios-sdk" */;
			productName = "FirebaseFirestoreCombine-Community";
		};
		92F313422CFEAC1300379C0A /* FirebaseStorage */ = {
			isa = XCSwiftPackageProductDependency;
			package = 92F313372CFEAC1300379C0A /* XCRemoteSwiftPackageReference "firebase-ios-sdk" */;
			productName = FirebaseStorage;
		};
		92F313442CFEAC1300379C0A /* FirebaseStorageCombine-Community */ = {
			isa = XCSwiftPackageProductDependency;
			package = 92F313372CFEAC1300379C0A /* XCRemoteSwiftPackageReference "firebase-ios-sdk" */;
			productName = "FirebaseStorageCombine-Community";
		};
/* End XCSwiftPackageProductDependency section */
	};
	rootObject = 92F313002CFDAC1000379C0A /* Project object */;
}
